{
  "requires": true,
  "lockfileVersion": 1,
  "dependencies": {
    "bootstrap": {
      "version": "3.3.7",
      "resolved": "https://registry.npmjs.org/bootstrap/-/bootstrap-3.3.7.tgz",
      "integrity": "sha1-WjiTlFSfIzMIdaOxUGVldPip63E="
    },
    "jquery": {
      "version": "3.2.1",
      "resolved": "https://registry.npmjs.org/jquery/-/jquery-3.2.1.tgz",
      "integrity": "sha1-XE2d5lKvbNCncBVKYxu6ErAVx4c="
    },
    "konva": {
      "version": "1.7.6",
      "resolved": "https://registry.npmjs.org/konva/-/konva-1.7.6.tgz",
      "integrity": "sha512-TPYwJi3z3eK94N/eoPfYs8JXBcwrY8uC3GhllsKLCOXkdIpg51+M1ZCIM6sQtlmknRZOy1GGlCendzXajCj+fQ=="
    }
  }
}
